
Microsoft Visual Studio Solution File, Format Version 12.00
# Visual Studio Version 18
VisualStudioVersion = 18.3.11312.210
MinimumVisualStudioVersion = 10.0.40219.1
Project("{9A19103F-16F7-4668-BE54-9A1E7A4F7556}") = "Cad_Point_Manager", "Cad_Point_Manager\Cad_Point_Manager.csproj", "{5C0BA1B5-7801-4F7C-BAB8-B5E53C13FDA7}"
EndProject
Project("{FAE04EC0-301F-11D3-BF4B-00C04F79EFBC}") = "ColorPicker", "..\ColorPicker\ColorPicker\ColorPicker.csproj", "{F270D1FA-1BA0-08AD-11FB-6D12AC16BE1D}"
EndProject
Global
	GlobalSection(SolutionConfigurationPlatforms) = preSolution
		Debug|Any CPU = Debug|Any CPU
		Release|Any CPU = Release|Any CPU
	EndGlobalSection
	GlobalSection(ProjectConfigurationPlatforms) = postSolution
		{5C0BA1B5-7801-4F7C-BAB8-B5E53C13FDA7}.Debug|Any CPU.ActiveCfg = Debug|Any CPU
		{5C0BA1B5-7801-4F7C-BAB8-B5E53C13FDA7}.Debug|Any CPU.Build.0 = Debug|Any CPU
		{5C0BA1B5-7801-4F7C-BAB8-B5E53C13FDA7}.Release|Any CPU.ActiveCfg = Release|Any CPU
		{5C0BA1B5-7801-4F7C-BAB8-B5E53C13FDA7}.Release|Any CPU.Build.0 = Release|Any CPU
		{F270D1FA-1BA0-08AD-11FB-6D12AC16BE1D}.Debug|Any CPU.ActiveCfg = Debug|Any CPU
		{F270D1FA-1BA0-08AD-11FB-6D12AC16BE1D}.Release|Any CPU.ActiveCfg = Release|Any CPU
		{F270D1FA-1BA0-08AD-11FB-6D12AC16BE1D}.Release|Any CPU.Build.0 = Release|Any CPU
	EndGlobalSection
	GlobalSection(SolutionProperties) = preSolution
		HideSolutionNode = FALSE
	EndGlobalSection
	GlobalSection(ExtensibilityGlobals) = postSolution
		SolutionGuid = {A95A0B47-3B62-44DF-A926-F1658675A05F}
	EndGlobalSection
EndGlobal
